
Microsoft Visual Studio Solution File, Format Version 12.00
# Visual Studio Version 17
VisualStudioVersion = 17.14.36327.8 d17.14
MinimumVisualStudioVersion = 10.0.40219.1
Project("{FAE04EC0-301F-11D3-BF4B-00C04F79EFBC}") = "Db_TestApp", "Db_TestApp\Db_TestApp.csproj", "{5F6D49CA-F3D8-4EDC-89A8-018700D73F03}"
EndProject
Project("{FAE04EC0-301F-11D3-BF4B-00C04F79EFBC}") = "Db_WriteApp", "Db_WriteApp\Db_WriteApp.csproj", "{79EBB8AF-CDB3-4DD0-8046-7B9D14A43EC9}"
EndProject
Project("{FAE04EC0-301F-11D3-BF4B-00C04F79EFBC}") = "Db_ReadApp", "Db_ReadApp\Db_ReadApp.csproj", "{76243734-A8B9-473C-A2D7-C83337B7CE4F}"
EndProject
Global
	GlobalSection(SolutionConfigurationPlatforms) = preSolution
		Debug|Any CPU = Debug|Any CPU
		Release|Any CPU = Release|Any CPU
	EndGlobalSection
	GlobalSection(ProjectConfigurationPlatforms) = postSolution
		{5F6D49CA-F3D8-4EDC-89A8-018700D73F03}.Debug|Any CPU.ActiveCfg = Debug|Any CPU
		{5F6D49CA-F3D8-4EDC-89A8-018700D73F03}.Debug|Any CPU.Build.0 = Debug|Any CPU
		{5F6D49CA-F3D8-4EDC-89A8-018700D73F03}.Release|Any CPU.ActiveCfg = Release|Any CPU
		{5F6D49CA-F3D8-4EDC-89A8-018700D73F03}.Release|Any CPU.Build.0 = Release|Any CPU
		{79EBB8AF-CDB3-4DD0-8046-7B9D14A43EC9}.Debug|Any CPU.ActiveCfg = Debug|Any CPU
		{79EBB8AF-CDB3-4DD0-8046-7B9D14A43EC9}.Debug|Any CPU.Build.0 = Debug|Any CPU
		{79EBB8AF-CDB3-4DD0-8046-7B9D14A43EC9}.Release|Any CPU.ActiveCfg = Release|Any CPU
		{79EBB8AF-CDB3-4DD0-8046-7B9D14A43EC9}.Release|Any CPU.Build.0 = Release|Any CPU
		{76243734-A8B9-473C-A2D7-C83337B7CE4F}.Debug|Any CPU.ActiveCfg = Debug|Any CPU
		{76243734-A8B9-473C-A2D7-C83337B7CE4F}.Debug|Any CPU.Build.0 = Debug|Any CPU
		{76243734-A8B9-473C-A2D7-C83337B7CE4F}.Release|Any CPU.ActiveCfg = Release|Any CPU
		{76243734-A8B9-473C-A2D7-C83337B7CE4F}.Release|Any CPU.Build.0 = Release|Any CPU
	EndGlobalSection
	GlobalSection(SolutionProperties) = preSolution
		HideSolutionNode = FALSE
	EndGlobalSection
	GlobalSection(ExtensibilityGlobals) = postSolution
		SolutionGuid = {D841B99A-DAB5-4100-B789-B2747A6ABDB4}
	EndGlobalSection
EndGlobal
